
Microsoft Visual Studio Solution File, Format Version 12.00
# Visual Studio Version 17
VisualStudioVersion = 17.0.31903.59
MinimumVisualStudioVersion = 10.0.40219.1
Project("{2150E333-8FDC-42A3-9474-1A3956D46DE8}") = "src", "src", "{827E0CD3-B72D-47B6-A68D-7590B98EB39B}"
	ProjectSection(SolutionItems) = preProject
		src\compose.yml = src\compose.yml
	EndProjectSection
EndProject
Project("{FAE04EC0-301F-11D3-BF4B-00C04F79EFBC}") = "Comp.Api", "src\Comp.Api\Comp.Api.csproj", "{DADC1749-812D-4CB8-8AC2-7728B9AD0A97}"
EndProject
Project("{FAE04EC0-301F-11D3-BF4B-00C04F79EFBC}") = "Core.Api", "src\Core.Api\Core.Api.csproj", "{76C9D652-C0AB-453E-9E49-4F20C8998C9D}"
EndProject
Project("{FAE04EC0-301F-11D3-BF4B-00C04F79EFBC}") = "Gateway", "src\Gateway\Gateway.csproj", "{1D5956A9-C15A-408A-B8C0-6A192C89843F}"
EndProject
Project("{FAE04EC0-301F-11D3-BF4B-00C04F79EFBC}") = "Perf.Api", "src\Perf.Api\Perf.Api.csproj", "{9A338F1C-A2EB-4841-984C-2839E2C25B25}"
EndProject
Global
	GlobalSection(SolutionConfigurationPlatforms) = preSolution
		Debug|Any CPU = Debug|Any CPU
		Debug|x64 = Debug|x64
		Debug|x86 = Debug|x86
		Release|Any CPU = Release|Any CPU
		Release|x64 = Release|x64
		Release|x86 = Release|x86
	EndGlobalSection
	GlobalSection(ProjectConfigurationPlatforms) = postSolution
		{DADC1749-812D-4CB8-8AC2-7728B9AD0A97}.Debug|Any CPU.ActiveCfg = Debug|Any CPU
		{DADC1749-812D-4CB8-8AC2-7728B9AD0A97}.Debug|Any CPU.Build.0 = Debug|Any CPU
		{DADC1749-812D-4CB8-8AC2-7728B9AD0A97}.Debug|x64.ActiveCfg = Debug|Any CPU
		{DADC1749-812D-4CB8-8AC2-7728B9AD0A97}.Debug|x64.Build.0 = Debug|Any CPU
		{DADC1749-812D-4CB8-8AC2-7728B9AD0A97}.Debug|x86.ActiveCfg = Debug|Any CPU
		{DADC1749-812D-4CB8-8AC2-7728B9AD0A97}.Debug|x86.Build.0 = Debug|Any CPU
		{DADC1749-812D-4CB8-8AC2-7728B9AD0A97}.Release|Any CPU.ActiveCfg = Release|Any CPU
		{DADC1749-812D-4CB8-8AC2-7728B9AD0A97}.Release|Any CPU.Build.0 = Release|Any CPU
		{DADC1749-812D-4CB8-8AC2-7728B9AD0A97}.Release|x64.ActiveCfg = Release|Any CPU
		{DADC1749-812D-4CB8-8AC2-7728B9AD0A97}.Release|x64.Build.0 = Release|Any CPU
		{DADC1749-812D-4CB8-8AC2-7728B9AD0A97}.Release|x86.ActiveCfg = Release|Any CPU
		{DADC1749-812D-4CB8-8AC2-7728B9AD0A97}.Release|x86.Build.0 = Release|Any CPU
		{76C9D652-C0AB-453E-9E49-4F20C8998C9D}.Debug|Any CPU.ActiveCfg = Debug|Any CPU
		{76C9D652-C0AB-453E-9E49-4F20C8998C9D}.Debug|Any CPU.Build.0 = Debug|Any CPU
		{76C9D652-C0AB-453E-9E49-4F20C8998C9D}.Debug|x64.ActiveCfg = Debug|Any CPU
		{76C9D652-C0AB-453E-9E49-4F20C8998C9D}.Debug|x64.Build.0 = Debug|Any CPU
		{76C9D652-C0AB-453E-9E49-4F20C8998C9D}.Debug|x86.ActiveCfg = Debug|Any CPU
		{76C9D652-C0AB-453E-9E49-4F20C8998C9D}.Debug|x86.Build.0 = Debug|Any CPU
		{76C9D652-C0AB-453E-9E49-4F20C8998C9D}.Release|Any CPU.ActiveCfg = Release|Any CPU
		{76C9D652-C0AB-453E-9E49-4F20C8998C9D}.Release|Any CPU.Build.0 = Release|Any CPU
		{76C9D652-C0AB-453E-9E49-4F20C8998C9D}.Release|x64.ActiveCfg = Release|Any CPU
		{76C9D652-C0AB-453E-9E49-4F20C8998C9D}.Release|x64.Build.0 = Release|Any CPU
		{76C9D652-C0AB-453E-9E49-4F20C8998C9D}.Release|x86.ActiveCfg = Release|Any CPU
		{76C9D652-C0AB-453E-9E49-4F20C8998C9D}.Release|x86.Build.0 = Release|Any CPU
		{1D5956A9-C15A-408A-B8C0-6A192C89843F}.Debug|Any CPU.ActiveCfg = Debug|Any CPU
		{1D5956A9-C15A-408A-B8C0-6A192C89843F}.Debug|Any CPU.Build.0 = Debug|Any CPU
		{1D5956A9-C15A-408A-B8C0-6A192C89843F}.Debug|x64.ActiveCfg = Debug|Any CPU
		{1D5956A9-C15A-408A-B8C0-6A192C89843F}.Debug|x64.Build.0 = Debug|Any CPU
		{1D5956A9-C15A-408A-B8C0-6A192C89843F}.Debug|x86.ActiveCfg = Debug|Any CPU
		{1D5956A9-C15A-408A-B8C0-6A192C89843F}.Debug|x86.Build.0 = Debug|Any CPU
		{1D5956A9-C15A-408A-B8C0-6A192C89843F}.Release|Any CPU.ActiveCfg = Release|Any CPU
		{1D5956A9-C15A-408A-B8C0-6A192C89843F}.Release|Any CPU.Build.0 = Release|Any CPU
		{1D5956A9-C15A-408A-B8C0-6A192C89843F}.Release|x64.ActiveCfg = Release|Any CPU
		{1D5956A9-C15A-408A-B8C0-6A192C89843F}.Release|x64.Build.0 = Release|Any CPU
		{1D5956A9-C15A-408A-B8C0-6A192C89843F}.Release|x86.ActiveCfg = Release|Any CPU
		{1D5956A9-C15A-408A-B8C0-6A192C89843F}.Release|x86.Build.0 = Release|Any CPU
		{9A338F1C-A2EB-4841-984C-2839E2C25B25}.Debug|Any CPU.ActiveCfg = Debug|Any CPU
		{9A338F1C-A2EB-4841-984C-2839E2C25B25}.Debug|Any CPU.Build.0 = Debug|Any CPU
		{9A338F1C-A2EB-4841-984C-2839E2C25B25}.Debug|x64.ActiveCfg = Debug|Any CPU
		{9A338F1C-A2EB-4841-984C-2839E2C25B25}.Debug|x64.Build.0 = Debug|Any CPU
		{9A338F1C-A2EB-4841-984C-2839E2C25B25}.Debug|x86.ActiveCfg = Debug|Any CPU
		{9A338F1C-A2EB-4841-984C-2839E2C25B25}.Debug|x86.Build.0 = Debug|Any CPU
		{9A338F1C-A2EB-4841-984C-2839E2C25B25}.Release|Any CPU.ActiveCfg = Release|Any CPU
		{9A338F1C-A2EB-4841-984C-2839E2C25B25}.Release|Any CPU.Build.0 = Release|Any CPU
		{9A338F1C-A2EB-4841-984C-2839E2C25B25}.Release|x64.ActiveCfg = Release|Any CPU
		{9A338F1C-A2EB-4841-984C-2839E2C25B25}.Release|x64.Build.0 = Release|Any CPU
		{9A338F1C-A2EB-4841-984C-2839E2C25B25}.Release|x86.ActiveCfg = Release|Any CPU
		{9A338F1C-A2EB-4841-984C-2839E2C25B25}.Release|x86.Build.0 = Release|Any CPU
	EndGlobalSection
	GlobalSection(SolutionProperties) = preSolution
		HideSolutionNode = FALSE
	EndGlobalSection
	GlobalSection(NestedProjects) = preSolution
		{DADC1749-812D-4CB8-8AC2-7728B9AD0A97} = {827E0CD3-B72D-47B6-A68D-7590B98EB39B}
		{76C9D652-C0AB-453E-9E49-4F20C8998C9D} = {827E0CD3-B72D-47B6-A68D-7590B98EB39B}
		{1D5956A9-C15A-408A-B8C0-6A192C89843F} = {827E0CD3-B72D-47B6-A68D-7590B98EB39B}
		{9A338F1C-A2EB-4841-984C-2839E2C25B25} = {827E0CD3-B72D-47B6-A68D-7590B98EB39B}
	EndGlobalSection
EndGlobal
